
Microsoft Visual Studio Solution File, Format Version 12.00
# Visual Studio Version 17
VisualStudioVersion = 17.0.31912.275
MinimumVisualStudioVersion = 10.0.40219.1
Project("{9A19103F-16F7-4668-BE54-9A1E7A4F7556}") = "DAY1Part1", "ConsoleApp1\DAY1Part1.csproj", "{ECC304A6-FB33-4CAE-B163-07DC645DEB3B}"
EndProject
Project("{9A19103F-16F7-4668-BE54-9A1E7A4F7556}") = "DAY1Part2", "DAY1Part2\DAY1Part2.csproj", "{35474289-3970-4BC3-A176-3A0C22F9A59C}"
EndProject
Project("{FAE04EC0-301F-11D3-BF4B-00C04F79EFBC}") = "DAY2", "DAY2\DAY2.csproj", "{721C7917-88E8-4A2B-83D2-CE4AAA154717}"
EndProject
Global
	GlobalSection(SolutionConfigurationPlatforms) = preSolution
		Debug|Any CPU = Debug|Any CPU
		Release|Any CPU = Release|Any CPU
	EndGlobalSection
	GlobalSection(ProjectConfigurationPlatforms) = postSolution
		{ECC304A6-FB33-4CAE-B163-07DC645DEB3B}.Debug|Any CPU.ActiveCfg = Debug|Any CPU
		{ECC304A6-FB33-4CAE-B163-07DC645DEB3B}.Debug|Any CPU.Build.0 = Debug|Any CPU
		{ECC304A6-FB33-4CAE-B163-07DC645DEB3B}.Release|Any CPU.ActiveCfg = Release|Any CPU
		{ECC304A6-FB33-4CAE-B163-07DC645DEB3B}.Release|Any CPU.Build.0 = Release|Any CPU
		{35474289-3970-4BC3-A176-3A0C22F9A59C}.Debug|Any CPU.ActiveCfg = Debug|Any CPU
		{35474289-3970-4BC3-A176-3A0C22F9A59C}.Debug|Any CPU.Build.0 = Debug|Any CPU
		{35474289-3970-4BC3-A176-3A0C22F9A59C}.Release|Any CPU.ActiveCfg = Release|Any CPU
		{35474289-3970-4BC3-A176-3A0C22F9A59C}.Release|Any CPU.Build.0 = Release|Any CPU
		{721C7917-88E8-4A2B-83D2-CE4AAA154717}.Debug|Any CPU.ActiveCfg = Debug|Any CPU
		{721C7917-88E8-4A2B-83D2-CE4AAA154717}.Debug|Any CPU.Build.0 = Debug|Any CPU
		{721C7917-88E8-4A2B-83D2-CE4AAA154717}.Release|Any CPU.ActiveCfg = Release|Any CPU
		{721C7917-88E8-4A2B-83D2-CE4AAA154717}.Release|Any CPU.Build.0 = Release|Any CPU
	EndGlobalSection
	GlobalSection(SolutionProperties) = preSolution
		HideSolutionNode = FALSE
	EndGlobalSection
	GlobalSection(ExtensibilityGlobals) = postSolution
		SolutionGuid = {B413505E-1440-4BC7-96BC-B70B0B321FF4}
	EndGlobalSection
EndGlobal
